
Microsoft Visual Studio Solution File, Format Version 12.00
# Visual Studio Version 16
VisualStudioVersion = 16.0.31129.286
MinimumVisualStudioVersion = 10.0.40219.1
Project("{FAE04EC0-301F-11D3-BF4B-00C04F79EFBC}") = "CarServices.Android", "CarServices\CarServices.Android\CarServices.Android.csproj", "{2A40D18F-FC01-475F-AC27-E3D4D0C0CDD4}"
EndProject
Project("{FAE04EC0-301F-11D3-BF4B-00C04F79EFBC}") = "CarServices.iOS", "CarServices\CarServices.iOS\CarServices.iOS.csproj", "{C3AE564B-DEE1-429F-A6C4-F9438D1B891D}"
EndProject
Project("{FAE04EC0-301F-11D3-BF4B-00C04F79EFBC}") = "CarServices", "CarServices\CarServices\CarServices.csproj", "{5ADDFE7F-15B2-417C-B638-BF49CC29BFCF}"
EndProject
Global
	GlobalSection(SolutionConfigurationPlatforms) = preSolution
		Debug|Any CPU = Debug|Any CPU
		Debug|iPhone = Debug|iPhone
		Debug|iPhoneSimulator = Debug|iPhoneSimulator
		Release|Any CPU = Release|Any CPU
		Release|iPhone = Release|iPhone
		Release|iPhoneSimulator = Release|iPhoneSimulator
	EndGlobalSection
	GlobalSection(ProjectConfigurationPlatforms) = postSolution
		{2A40D18F-FC01-475F-AC27-E3D4D0C0CDD4}.Debug|Any CPU.ActiveCfg = Debug|Any CPU
		{2A40D18F-FC01-475F-AC27-E3D4D0C0CDD4}.Debug|Any CPU.Build.0 = Debug|Any CPU
		{2A40D18F-FC01-475F-AC27-E3D4D0C0CDD4}.Debug|Any CPU.Deploy.0 = Debug|Any CPU
		{2A40D18F-FC01-475F-AC27-E3D4D0C0CDD4}.Debug|iPhone.ActiveCfg = Debug|Any CPU
		{2A40D18F-FC01-475F-AC27-E3D4D0C0CDD4}.Debug|iPhone.Build.0 = Debug|Any CPU
		{2A40D18F-FC01-475F-AC27-E3D4D0C0CDD4}.Debug|iPhone.Deploy.0 = Debug|Any CPU
		{2A40D18F-FC01-475F-AC27-E3D4D0C0CDD4}.Debug|iPhoneSimulator.ActiveCfg = Debug|Any CPU
		{2A40D18F-FC01-475F-AC27-E3D4D0C0CDD4}.Debug|iPhoneSimulator.Build.0 = Debug|Any CPU
		{2A40D18F-FC01-475F-AC27-E3D4D0C0CDD4}.Debug|iPhoneSimulator.Deploy.0 = Debug|Any CPU
		{2A40D18F-FC01-475F-AC27-E3D4D0C0CDD4}.Release|Any CPU.ActiveCfg = Release|Any CPU
		{2A40D18F-FC01-475F-AC27-E3D4D0C0CDD4}.Release|Any CPU.Build.0 = Release|Any CPU
		{2A40D18F-FC01-475F-AC27-E3D4D0C0CDD4}.Release|Any CPU.Deploy.0 = Release|Any CPU
		{2A40D18F-FC01-475F-AC27-E3D4D0C0CDD4}.Release|iPhone.ActiveCfg = Release|Any CPU
		{2A40D18F-FC01-475F-AC27-E3D4D0C0CDD4}.Release|iPhone.Build.0 = Release|Any CPU
		{2A40D18F-FC01-475F-AC27-E3D4D0C0CDD4}.Release|iPhone.Deploy.0 = Release|Any CPU
		{2A40D18F-FC01-475F-AC27-E3D4D0C0CDD4}.Release|iPhoneSimulator.ActiveCfg = Release|Any CPU
		{2A40D18F-FC01-475F-AC27-E3D4D0C0CDD4}.Release|iPhoneSimulator.Build.0 = Release|Any CPU
		{2A40D18F-FC01-475F-AC27-E3D4D0C0CDD4}.Release|iPhoneSimulator.Deploy.0 = Release|Any CPU
		{C3AE564B-DEE1-429F-A6C4-F9438D1B891D}.Debug|Any CPU.ActiveCfg = Debug|iPhone
		{C3AE564B-DEE1-429F-A6C4-F9438D1B891D}.Debug|Any CPU.Build.0 = Debug|iPhone
		{C3AE564B-DEE1-429F-A6C4-F9438D1B891D}.Debug|Any CPU.Deploy.0 = Debug|iPhone
		{C3AE564B-DEE1-429F-A6C4-F9438D1B891D}.Debug|iPhone.ActiveCfg = Debug|iPhone
		{C3AE564B-DEE1-429F-A6C4-F9438D1B891D}.Debug|iPhone.Build.0 = Debug|iPhone
		{C3AE564B-DEE1-429F-A6C4-F9438D1B891D}.Debug|iPhone.Deploy.0 = Debug|iPhone
		{C3AE564B-DEE1-429F-A6C4-F9438D1B891D}.Debug|iPhoneSimulator.ActiveCfg = Debug|iPhoneSimulator
		{C3AE564B-DEE1-429F-A6C4-F9438D1B891D}.Debug|iPhoneSimulator.Build.0 = Debug|iPhoneSimulator
		{C3AE564B-DEE1-429F-A6C4-F9438D1B891D}.Debug|iPhoneSimulator.Deploy.0 = Debug|iPhoneSimulator
		{C3AE564B-DEE1-429F-A6C4-F9438D1B891D}.Release|Any CPU.ActiveCfg = Release|iPhoneSimulator
		{C3AE564B-DEE1-429F-A6C4-F9438D1B891D}.Release|Any CPU.Build.0 = Release|iPhoneSimulator
		{C3AE564B-DEE1-429F-A6C4-F9438D1B891D}.Release|Any CPU.Deploy.0 = Release|iPhoneSimulator
		{C3AE564B-DEE1-429F-A6C4-F9438D1B891D}.Release|iPhone.ActiveCfg = Release|iPhone
		{C3AE564B-DEE1-429F-A6C4-F9438D1B891D}.Release|iPhone.Build.0 = Release|iPhone
		{C3AE564B-DEE1-429F-A6C4-F9438D1B891D}.Release|iPhone.Deploy.0 = Release|iPhone
		{C3AE564B-DEE1-429F-A6C4-F9438D1B891D}.Release|iPhoneSimulator.ActiveCfg = Release|iPhoneSimulator
		{C3AE564B-DEE1-429F-A6C4-F9438D1B891D}.Release|iPhoneSimulator.Build.0 = Release|iPhoneSimulator
		{C3AE564B-DEE1-429F-A6C4-F9438D1B891D}.Release|iPhoneSimulator.Deploy.0 = Release|iPhoneSimulator
		{5ADDFE7F-15B2-417C-B638-BF49CC29BFCF}.Debug|Any CPU.ActiveCfg = Debug|Any CPU
		{5ADDFE7F-15B2-417C-B638-BF49CC29BFCF}.Debug|Any CPU.Build.0 = Debug|Any CPU
		{5ADDFE7F-15B2-417C-B638-BF49CC29BFCF}.Debug|Any CPU.Deploy.0 = Debug|Any CPU
		{5ADDFE7F-15B2-417C-B638-BF49CC29BFCF}.Debug|iPhone.ActiveCfg = Debug|Any CPU
		{5ADDFE7F-15B2-417C-B638-BF49CC29BFCF}.Debug|iPhone.Build.0 = Debug|Any CPU
		{5ADDFE7F-15B2-417C-B638-BF49CC29BFCF}.Debug|iPhone.Deploy.0 = Debug|Any CPU
		{5ADDFE7F-15B2-417C-B638-BF49CC29BFCF}.Debug|iPhoneSimulator.ActiveCfg = Debug|Any CPU
		{5ADDFE7F-15B2-417C-B638-BF49CC29BFCF}.Debug|iPhoneSimulator.Build.0 = Debug|Any CPU
		{5ADDFE7F-15B2-417C-B638-BF49CC29BFCF}.Debug|iPhoneSimulator.Deploy.0 = Debug|Any CPU
		{5ADDFE7F-15B2-417C-B638-BF49CC29BFCF}.Release|Any CPU.ActiveCfg = Release|Any CPU
		{5ADDFE7F-15B2-417C-B638-BF49CC29BFCF}.Release|Any CPU.Build.0 = Release|Any CPU
		{5ADDFE7F-15B2-417C-B638-BF49CC29BFCF}.Release|Any CPU.Deploy.0 = Release|Any CPU
		{5ADDFE7F-15B2-417C-B638-BF49CC29BFCF}.Release|iPhone.ActiveCfg = Release|Any CPU
		{5ADDFE7F-15B2-417C-B638-BF49CC29BFCF}.Release|iPhone.Build.0 = Release|Any CPU
		{5ADDFE7F-15B2-417C-B638-BF49CC29BFCF}.Release|iPhone.Deploy.0 = Release|Any CPU
		{5ADDFE7F-15B2-417C-B638-BF49CC29BFCF}.Release|iPhoneSimulator.ActiveCfg = Release|Any CPU
		{5ADDFE7F-15B2-417C-B638-BF49CC29BFCF}.Release|iPhoneSimulator.Build.0 = Release|Any CPU
		{5ADDFE7F-15B2-417C-B638-BF49CC29BFCF}.Release|iPhoneSimulator.Deploy.0 = Release|Any CPU
	EndGlobalSection
	GlobalSection(SolutionProperties) = preSolution
		HideSolutionNode = FALSE
	EndGlobalSection
	GlobalSection(ExtensibilityGlobals) = postSolution
		SolutionGuid = {8ED80353-DAB9-44F3-B289-27963C5E8907}
	EndGlobalSection
EndGlobal
